
Microsoft Visual Studio Solution File, Format Version 12.00
# Visual Studio Version 17
VisualStudioVersion = 17.2.32616.157
MinimumVisualStudioVersion = 10.0.40219.1
Project("{FAE04EC0-301F-11D3-BF4B-00C04F79EFBC}") = "HashTable", "HashTable\HashTable.csproj", "{A719224E-ADF6-4F86-8D03-423D9CAB3267}"
EndProject
Global
	GlobalSection(SolutionConfigurationPlatforms) = preSolution
		Debug|Any CPU = Debug|Any CPU
		Release|Any CPU = Release|Any CPU
	EndGlobalSection
	GlobalSection(ProjectConfigurationPlatforms) = postSolution
		{A719224E-ADF6-4F86-8D03-423D9CAB3267}.Debug|Any CPU.ActiveCfg = Debug|Any CPU
		{A719224E-ADF6-4F86-8D03-423D9CAB3267}.Debug|Any CPU.Build.0 = Debug|Any CPU
		{A719224E-ADF6-4F86-8D03-423D9CAB3267}.Release|Any CPU.ActiveCfg = Release|Any CPU
		{A719224E-ADF6-4F86-8D03-423D9CAB3267}.Release|Any CPU.Build.0 = Release|Any CPU
	EndGlobalSection
	GlobalSection(SolutionProperties) = preSolution
		HideSolutionNode = FALSE
	EndGlobalSection
	GlobalSection(ExtensibilityGlobals) = postSolution
		SolutionGuid = {FA003C17-0C36-4B3E-BFD6-F71D51791CEB}
	EndGlobalSection
EndGlobal
